
Microsoft Visual Studio Solution File, Format Version 12.00
# Visual Studio Version 16
VisualStudioVersion = 16.0.30711.63
MinimumVisualStudioVersion = 10.0.40219.1
Project("{FAE04EC0-301F-11D3-BF4B-00C04F79EFBC}") = "WebAPICore", "WebAPICore\WebAPICore.csproj", "{C58BE95F-A208-4689-8641-EE7CF7A1AD01}"
EndProject
Global
	GlobalSection(SolutionConfigurationPlatforms) = preSolution
		Debug|Any CPU = Debug|Any CPU
		Release|Any CPU = Release|Any CPU
	EndGlobalSection
	GlobalSection(ProjectConfigurationPlatforms) = postSolution
		{C58BE95F-A208-4689-8641-EE7CF7A1AD01}.Debug|Any CPU.ActiveCfg = Debug|Any CPU
		{C58BE95F-A208-4689-8641-EE7CF7A1AD01}.Debug|Any CPU.Build.0 = Debug|Any CPU
		{C58BE95F-A208-4689-8641-EE7CF7A1AD01}.Release|Any CPU.ActiveCfg = Release|Any CPU
		{C58BE95F-A208-4689-8641-EE7CF7A1AD01}.Release|Any CPU.Build.0 = Release|Any CPU
	EndGlobalSection
	GlobalSection(SolutionProperties) = preSolution
		HideSolutionNode = FALSE
	EndGlobalSection
	GlobalSection(ExtensibilityGlobals) = postSolution
		SolutionGuid = {E4BB70E6-0C45-49F7-B3F0-BA17AEBEF7F1}
	EndGlobalSection
EndGlobal
